
Microsoft Visual Studio Solution File, Format Version 12.00
# Visual Studio Version 16
VisualStudioVersion = 16.0.34407.143
MinimumVisualStudioVersion = 10.0.40219.1
Project("{FAE04EC0-301F-11D3-BF4B-00C04F79EFBC}") = "Ragnarok-Online-2-Extractor", "Ragnarok-Online-2-Extractor.csproj", "{4F5DD50B-1676-47E0-9236-11D1B2EE86EF}"
EndProject
Global
	GlobalSection(SolutionConfigurationPlatforms) = preSolution
		Debug|Any CPU = Debug|Any CPU
		Release|Any CPU = Release|Any CPU
	EndGlobalSection
	GlobalSection(ProjectConfigurationPlatforms) = postSolution
		{4F5DD50B-1676-47E0-9236-11D1B2EE86EF}.Debug|Any CPU.ActiveCfg = Debug|Any CPU
		{4F5DD50B-1676-47E0-9236-11D1B2EE86EF}.Debug|Any CPU.Build.0 = Debug|Any CPU
		{4F5DD50B-1676-47E0-9236-11D1B2EE86EF}.Release|Any CPU.ActiveCfg = Release|Any CPU
		{4F5DD50B-1676-47E0-9236-11D1B2EE86EF}.Release|Any CPU.Build.0 = Release|Any CPU
	EndGlobalSection
	GlobalSection(SolutionProperties) = preSolution
		HideSolutionNode = FALSE
	EndGlobalSection
	GlobalSection(ExtensibilityGlobals) = postSolution
		SolutionGuid = {FB856C40-1A86-4370-BBB6-3A27D772FAFF}
	EndGlobalSection
EndGlobal
